
Microsoft Visual Studio Solution File, Format Version 12.00
# Visual Studio Version 17
VisualStudioVersion = 17.5.33516.290
MinimumVisualStudioVersion = 10.0.40219.1
Project("{FAE04EC0-301F-11D3-BF4B-00C04F79EFBC}") = "proyecto-termotasajero", "proyecto-termotasajero\proyecto-termotasajero.csproj", "{2803CD32-8265-4DA6-8E54-566437920914}"
EndProject
Global
	GlobalSection(SolutionConfigurationPlatforms) = preSolution
		Debug|Any CPU = Debug|Any CPU
		Release|Any CPU = Release|Any CPU
	EndGlobalSection
	GlobalSection(ProjectConfigurationPlatforms) = postSolution
		{2803CD32-8265-4DA6-8E54-566437920914}.Debug|Any CPU.ActiveCfg = Debug|Any CPU
		{2803CD32-8265-4DA6-8E54-566437920914}.Debug|Any CPU.Build.0 = Debug|Any CPU
		{2803CD32-8265-4DA6-8E54-566437920914}.Release|Any CPU.ActiveCfg = Release|Any CPU
		{2803CD32-8265-4DA6-8E54-566437920914}.Release|Any CPU.Build.0 = Release|Any CPU
	EndGlobalSection
	GlobalSection(SolutionProperties) = preSolution
		HideSolutionNode = FALSE
	EndGlobalSection
	GlobalSection(ExtensibilityGlobals) = postSolution
		SolutionGuid = {65CDA949-0C0A-41F1-8687-EC5C2FDDB049}
	EndGlobalSection
EndGlobal
